{
  "lockfile-version": 1,
  "manifest": {
    "version": 1,
    "install": {
      "claude-code": {
        "pkg-path": "claude-code",
        "version": "2.1.14"
      },
      "nodejs_24": {
        "pkg-path": "nodejs_24",
        "version": "^24.12.0"
      }
    },
    "hook": {
      "on-activate": "  npm install\n"
    },
    "options": {}
  },
  "packages": [
    {
      "attr_path": "claude-code",
      "broken": false,
      "derivation": "/nix/store/zpksjivw7zisvq2fvi4y1a57qqmb29qg-claude-code-2.1.14.drv",
      "description": "Agentic coding tool that lives in your terminal, understands your codebase, and helps you code faster",
      "install_id": "claude-code",
      "license": "Unfree",
      "locked_url": "https://github.com/flox/nixpkgs?rev=88d3861acdd3d2f0e361767018218e51810df8a1",
      "name": "claude-code-2.1.14",
      "pname": "claude-code",
      "rev": "88d3861acdd3d2f0e361767018218e51810df8a1",
      "rev_count": 931542,
      "rev_date": "2026-01-21T18:02:10Z",
      "scrape_date": "2026-01-23T04:32:30.342924Z",
      "stabilities": [
        "unstable"
      ],
      "unfree": true,
      "version": "2.1.14",
      "outputs_to_install": [
        "out"
      ],
      "outputs": {
        "out": "/nix/store/nfpmwx58lqf796lsnmxba7r2rwcnfm0s-claude-code-2.1.14"
      },
      "system": "aarch64-darwin",
      "group": "toplevel",
      "priority": 5
    },
    {
      "attr_path": "claude-code",
      "broken": false,
      "derivation": "/nix/store/8l5mwyz6zgm5kkyrnadvkb0nznc3y1cd-claude-code-2.1.14.drv",
      "description": "Agentic coding tool that lives in your terminal, understands your codebase, and helps you code faster",
      "install_id": "claude-code",
      "license": "Unfree",
      "locked_url": "https://github.com/flox/nixpkgs?rev=88d3861acdd3d2f0e361767018218e51810df8a1",
      "name": "claude-code-2.1.14",
      "pname": "claude-code",
      "rev": "88d3861acdd3d2f0e361767018218e51810df8a1",
      "rev_count": 931542,
      "rev_date": "2026-01-21T18:02:10Z",
      "scrape_date": "2026-01-23T05:12:34.123158Z",
      "stabilities": [
        "unstable"
      ],
      "unfree": true,
      "version": "2.1.14",
      "outputs_to_install": [
        "out"
      ],
      "outputs": {
        "out": "/nix/store/wxz0yskh267i0i6rczg7wsg7jpvj7ci4-claude-code-2.1.14"
      },
      "system": "aarch64-linux",
      "group": "toplevel",
      "priority": 5
    },
    {
      "attr_path": "claude-code",
      "broken": false,
      "derivation": "/nix/store/dqcvnhw9r0zsg8bnaf2j2r3996vg6v34-claude-code-2.1.14.drv",
      "description": "Agentic coding tool that lives in your terminal, understands your codebase, and helps you code faster",
      "install_id": "claude-code",
      "license": "Unfree",
      "locked_url": "https://github.com/flox/nixpkgs?rev=88d3861acdd3d2f0e361767018218e51810df8a1",
      "name": "claude-code-2.1.14",
      "pname": "claude-code",
      "rev": "88d3861acdd3d2f0e361767018218e51810df8a1",
      "rev_count": 931542,
      "rev_date": "2026-01-21T18:02:10Z",
      "scrape_date": "2026-01-23T05:49:36.487304Z",
      "stabilities": [
        "unstable"
      ],
      "unfree": true,
      "version": "2.1.14",
      "outputs_to_install": [
        "out"
      ],
      "outputs": {
        "out": "/nix/store/823kns2axgrsx5i07k66fp1s1x4ww398-claude-code-2.1.14"
      },
      "system": "x86_64-darwin",
      "group": "toplevel",
      "priority": 5
    },
    {
      "attr_path": "claude-code",
      "broken": false,
      "derivation": "/nix/store/c4agdb3p828kh25vmsrajnfzynr3jf33-claude-code-2.1.14.drv",
      "description": "Agentic coding tool that lives in your terminal, understands your codebase, and helps you code faster",
      "install_id": "claude-code",
      "license": "Unfree",
      "locked_url": "https://github.com/flox/nixpkgs?rev=88d3861acdd3d2f0e361767018218e51810df8a1",
      "name": "claude-code-2.1.14",
      "pname": "claude-code",
      "rev": "88d3861acdd3d2f0e361767018218e51810df8a1",
      "rev_count": 931542,
      "rev_date": "2026-01-21T18:02:10Z",
      "scrape_date": "2026-01-23T06:35:54.873323Z",
      "stabilities": [
        "unstable"
      ],
      "unfree": true,
      "version": "2.1.14",
      "outputs_to_install": [
        "out"
      ],
      "outputs": {
        "out": "/nix/store/fi7yy26nhg389nr23nwynnpf3bia26zy-claude-code-2.1.14"
      },
      "system": "x86_64-linux",
      "group": "toplevel",
      "priority": 5
    },
    {
      "attr_path": "nodejs_24",
      "broken": false,
      "derivation": "/nix/store/b6n8lgj088z483sjdiwb4fm706dkqnn8-nodejs-24.12.0.drv",
      "description": "Event-driven I/O framework for the V8 JavaScript engine",
      "install_id": "nodejs_24",
      "license": "MIT",
      "locked_url": "https://github.com/flox/nixpkgs?rev=88d3861acdd3d2f0e361767018218e51810df8a1",
      "name": "nodejs-24.12.0",
      "pname": "nodejs_24",
      "rev": "88d3861acdd3d2f0e361767018218e51810df8a1",
      "rev_count": 931542,
      "rev_date": "2026-01-21T18:02:10Z",
      "scrape_date": "2026-01-23T04:32:53.052759Z",
      "stabilities": [
        "unstable"
      ],
      "unfree": false,
      "version": "24.12.0",
      "outputs_to_install": [
        "out"
      ],
      "outputs": {
        "dev": "/nix/store/y4517nm523fa98f6rgbdmz9132vrv6vn-nodejs-24.12.0-dev",
        "libv8": "/nix/store/9a86b1m0hnmjl2sicwn9zd54nixfj4zn-nodejs-24.12.0-libv8",
        "out": "/nix/store/q446nk1273bnmphpd5pbw397qxj6x084-nodejs-24.12.0"
      },
      "system": "aarch64-darwin",
      "group": "toplevel",
      "priority": 5
    },
    {
      "attr_path": "nodejs_24",
      "broken": false,
      "derivation": "/nix/store/qqcir91w4lbgpav96d35zdjpgv8c2ac7-nodejs-24.12.0.drv",
      "description": "Event-driven I/O framework for the V8 JavaScript engine",
      "install_id": "nodejs_24",
      "license": "MIT",
      "locked_url": "https://github.com/flox/nixpkgs?rev=88d3861acdd3d2f0e361767018218e51810df8a1",
      "name": "nodejs-24.12.0",
      "pname": "nodejs_24",
      "rev": "88d3861acdd3d2f0e361767018218e51810df8a1",
      "rev_count": 931542,
      "rev_date": "2026-01-21T18:02:10Z",
      "scrape_date": "2026-01-23T05:13:09.917119Z",
      "stabilities": [
        "unstable"
      ],
      "unfree": false,
      "version": "24.12.0",
      "outputs_to_install": [
        "out"
      ],
      "outputs": {
        "dev": "/nix/store/xi4jjajzf908i6w064nklr3py5s0i4wp-nodejs-24.12.0-dev",
        "libv8": "/nix/store/znwf19i1zcv8nsxisa51bw3b1kaipkw9-nodejs-24.12.0-libv8",
        "out": "/nix/store/dvcc9hh5ia62x2r44zcgsz5gic5yzi3j-nodejs-24.12.0"
      },
      "system": "aarch64-linux",
      "group": "toplevel",
      "priority": 5
    },
    {
      "attr_path": "nodejs_24",
      "broken": false,
      "derivation": "/nix/store/saa40wbzmnmnyxxc069aywnbdwyzjvj8-nodejs-24.12.0.drv",
      "description": "Event-driven I/O framework for the V8 JavaScript engine",
      "install_id": "nodejs_24",
      "license": "MIT",
      "locked_url": "https://github.com/flox/nixpkgs?rev=88d3861acdd3d2f0e361767018218e51810df8a1",
      "name": "nodejs-24.12.0",
      "pname": "nodejs_24",
      "rev": "88d3861acdd3d2f0e361767018218e51810df8a1",
      "rev_count": 931542,
      "rev_date": "2026-01-21T18:02:10Z",
      "scrape_date": "2026-01-23T05:49:59.637318Z",
      "stabilities": [
        "unstable"
      ],
      "unfree": false,
      "version": "24.12.0",
      "outputs_to_install": [
        "out"
      ],
      "outputs": {
        "dev": "/nix/store/almxqkc9vjzqclb80ii5hh6k20dm4gwq-nodejs-24.12.0-dev",
        "libv8": "/nix/store/mshbd7yawhywp07l6h6zgbfqarv2ad83-nodejs-24.12.0-libv8",
        "out": "/nix/store/1j9jzwfgh2cl4j9sfv37wkm1g1qg5c7i-nodejs-24.12.0"
      },
      "system": "x86_64-darwin",
      "group": "toplevel",
      "priority": 5
    },
    {
      "attr_path": "nodejs_24",
      "broken": false,
      "derivation": "/nix/store/m4w9h9v2ya1l6v6w49qvavmzc61a6mw2-nodejs-24.12.0.drv",
      "description": "Event-driven I/O framework for the V8 JavaScript engine",
      "install_id": "nodejs_24",
      "license": "MIT",
      "locked_url": "https://github.com/flox/nixpkgs?rev=88d3861acdd3d2f0e361767018218e51810df8a1",
      "name": "nodejs-24.12.0",
      "pname": "nodejs_24",
      "rev": "88d3861acdd3d2f0e361767018218e51810df8a1",
      "rev_count": 931542,
      "rev_date": "2026-01-21T18:02:10Z",
      "scrape_date": "2026-01-23T06:36:33.716811Z",
      "stabilities": [
        "unstable"
      ],
      "unfree": false,
      "version": "24.12.0",
      "outputs_to_install": [
        "out"
      ],
      "outputs": {
        "dev": "/nix/store/y4a1pyqcjhp281krkg0zf3d5bga1pbfy-nodejs-24.12.0-dev",
        "libv8": "/nix/store/0hq6zscpapk7h148zv5c2wqwnvy5pdr4-nodejs-24.12.0-libv8",
        "out": "/nix/store/cikdc61gfwvdma6y0p9b5d5d448aqcv6-nodejs-24.12.0"
      },
      "system": "x86_64-linux",
      "group": "toplevel",
      "priority": 5
    }
  ]
}
