{
  "lockfile-version": 1,
  "manifest": {
    "schema-version": "1.12.0",
    "install": {
      "claude-code": {
        "pkg-path": "claude-code",
        "pkg-group": "claude-code",
        "version": "^2.1.158"
      },
      "codex": {
        "pkg-path": "codex",
        "pkg-group": "ai",
        "version": "^0.133.0"
      },
      "infer": {
        "flake": "github:inference-gateway/cli/v0.118.0"
      },
      "nodejs": {
        "pkg-path": "nodejs_24",
        "version": "24.15.0"
      }
    },
    "hook": {
      "on-activate": "  npm install\n"
    },
    "options": {}
  },
  "packages": [
    {
      "attr_path": "codex",
      "broken": false,
      "derivation": "/nix/store/5dz189nj9xw1pqc4f7d2r9ar53id5gi4-codex-0.133.0.drv",
      "description": "Lightweight coding agent that runs in your terminal",
      "install_id": "codex",
      "license": "Apache-2.0",
      "locked_url": "https://github.com/flox/nixpkgs?rev=29916453413845e54a65b8a1cf996842300cd299",
      "name": "codex-0.133.0",
      "pname": "codex",
      "rev": "29916453413845e54a65b8a1cf996842300cd299",
      "rev_count": 1003640,
      "rev_date": "2026-05-23T03:54:30Z",
      "scrape_date": "2026-05-24T07:05:50.764279Z",
      "stabilities": [
        "unstable"
      ],
      "unfree": false,
      "version": "0.133.0",
      "outputs_to_install": [
        "out"
      ],
      "outputs": {
        "out": "/nix/store/3989mh54c44d6lrjyrapk37187brwkgf-codex-0.133.0"
      },
      "system": "aarch64-darwin",
      "group": "ai",
      "priority": 5
    },
    {
      "attr_path": "codex",
      "broken": false,
      "derivation": "/nix/store/8ihs927bfq5g61psjhjj4adf6w5y35px-codex-0.133.0.drv",
      "description": "Lightweight coding agent that runs in your terminal",
      "install_id": "codex",
      "license": "Apache-2.0",
      "locked_url": "https://github.com/flox/nixpkgs?rev=29916453413845e54a65b8a1cf996842300cd299",
      "name": "codex-0.133.0",
      "pname": "codex",
      "rev": "29916453413845e54a65b8a1cf996842300cd299",
      "rev_count": 1003640,
      "rev_date": "2026-05-23T03:54:30Z",
      "scrape_date": "2026-05-24T07:34:04.560076Z",
      "stabilities": [
        "unstable"
      ],
      "unfree": false,
      "version": "0.133.0",
      "outputs_to_install": [
        "out"
      ],
      "outputs": {
        "out": "/nix/store/4jgv6y03chvad2qh77xnbi9805vdb8sc-codex-0.133.0"
      },
      "system": "aarch64-linux",
      "group": "ai",
      "priority": 5
    },
    {
      "attr_path": "codex",
      "broken": false,
      "derivation": "/nix/store/qj0s11mbagm6cda86nspd4k0008jg7k4-codex-0.133.0.drv",
      "description": "Lightweight coding agent that runs in your terminal",
      "install_id": "codex",
      "license": "Apache-2.0",
      "locked_url": "https://github.com/flox/nixpkgs?rev=29916453413845e54a65b8a1cf996842300cd299",
      "name": "codex-0.133.0",
      "pname": "codex",
      "rev": "29916453413845e54a65b8a1cf996842300cd299",
      "rev_count": 1003640,
      "rev_date": "2026-05-23T03:54:30Z",
      "scrape_date": "2026-05-24T08:01:32.382001Z",
      "stabilities": [
        "unstable"
      ],
      "unfree": false,
      "version": "0.133.0",
      "outputs_to_install": [
        "out"
      ],
      "outputs": {
        "out": "/nix/store/mb01qnylk0q6vdzq6v6wlkw4w0pmd1fl-codex-0.133.0"
      },
      "system": "x86_64-darwin",
      "group": "ai",
      "priority": 5
    },
    {
      "attr_path": "codex",
      "broken": false,
      "derivation": "/nix/store/q7gzwxqks72r9czqxy7va057xqiji8cf-codex-0.133.0.drv",
      "description": "Lightweight coding agent that runs in your terminal",
      "install_id": "codex",
      "license": "Apache-2.0",
      "locked_url": "https://github.com/flox/nixpkgs?rev=29916453413845e54a65b8a1cf996842300cd299",
      "name": "codex-0.133.0",
      "pname": "codex",
      "rev": "29916453413845e54a65b8a1cf996842300cd299",
      "rev_count": 1003640,
      "rev_date": "2026-05-23T03:54:30Z",
      "scrape_date": "2026-05-24T08:31:55.803341Z",
      "stabilities": [
        "unstable"
      ],
      "unfree": false,
      "version": "0.133.0",
      "outputs_to_install": [
        "out"
      ],
      "outputs": {
        "out": "/nix/store/397dbj9vas9p2yb905wsnx4jvskjnx3h-codex-0.133.0"
      },
      "system": "x86_64-linux",
      "group": "ai",
      "priority": 5
    },
    {
      "attr_path": "claude-code",
      "broken": false,
      "derivation": "/nix/store/ignv04676bhp0rhva5sa1p7pkbk91xv6-claude-code-2.1.158.drv",
      "description": "Agentic coding tool that lives in your terminal, understands your codebase, and helps you code faster",
      "install_id": "claude-code",
      "license": "Unfree",
      "locked_url": "https://github.com/flox/nixpkgs?rev=331800de5053fcebacf6813adb5db9c9dca22a0c",
      "name": "claude-code-2.1.158",
      "pname": "claude-code",
      "rev": "331800de5053fcebacf6813adb5db9c9dca22a0c",
      "rev_count": 1008282,
      "rev_date": "2026-05-31T16:09:29Z",
      "scrape_date": "2026-06-02T08:55:40.213722Z",
      "stabilities": [
        "unstable"
      ],
      "unfree": true,
      "version": "2.1.158",
      "outputs_to_install": [
        "out"
      ],
      "outputs": {
        "out": "/nix/store/lzgcgcrdgs8s4swv8qfb12apphkapamw-claude-code-2.1.158"
      },
      "system": "aarch64-darwin",
      "group": "claude-code",
      "priority": 5
    },
    {
      "attr_path": "claude-code",
      "broken": false,
      "derivation": "/nix/store/jiiad9kkqaz3a4sy6f8570x657qkanja-claude-code-2.1.158.drv",
      "description": "Agentic coding tool that lives in your terminal, understands your codebase, and helps you code faster",
      "install_id": "claude-code",
      "license": "Unfree",
      "locked_url": "https://github.com/flox/nixpkgs?rev=331800de5053fcebacf6813adb5db9c9dca22a0c",
      "name": "claude-code-2.1.158",
      "pname": "claude-code",
      "rev": "331800de5053fcebacf6813adb5db9c9dca22a0c",
      "rev_count": 1008282,
      "rev_date": "2026-05-31T16:09:29Z",
      "scrape_date": "2026-06-02T09:40:19.388977Z",
      "stabilities": [
        "unstable"
      ],
      "unfree": true,
      "version": "2.1.158",
      "outputs_to_install": [
        "out"
      ],
      "outputs": {
        "out": "/nix/store/vgjbba0zydq7cgc622wa1yrm12frnfb9-claude-code-2.1.158"
      },
      "system": "aarch64-linux",
      "group": "claude-code",
      "priority": 5
    },
    {
      "attr_path": "claude-code",
      "broken": false,
      "derivation": "/nix/store/fmydk5qjafp19cm5hkr8g7i89psm237y-claude-code-2.1.158.drv",
      "description": "Agentic coding tool that lives in your terminal, understands your codebase, and helps you code faster",
      "install_id": "claude-code",
      "license": "Unfree",
      "locked_url": "https://github.com/flox/nixpkgs?rev=331800de5053fcebacf6813adb5db9c9dca22a0c",
      "name": "claude-code-2.1.158",
      "pname": "claude-code",
      "rev": "331800de5053fcebacf6813adb5db9c9dca22a0c",
      "rev_count": 1008282,
      "rev_date": "2026-05-31T16:09:29Z",
      "scrape_date": "2026-06-02T10:24:47.406140Z",
      "stabilities": [
        "unstable"
      ],
      "unfree": true,
      "version": "2.1.158",
      "outputs_to_install": [
        "out"
      ],
      "outputs": {
        "out": "/nix/store/8lidks21j8vr5zy1k7gbz9nrvm34q1sk-claude-code-2.1.158"
      },
      "system": "x86_64-darwin",
      "group": "claude-code",
      "priority": 5
    },
    {
      "attr_path": "claude-code",
      "broken": false,
      "derivation": "/nix/store/s49lw13idqgq9khsfp38salvxbvlqpb9-claude-code-2.1.158.drv",
      "description": "Agentic coding tool that lives in your terminal, understands your codebase, and helps you code faster",
      "install_id": "claude-code",
      "license": "Unfree",
      "locked_url": "https://github.com/flox/nixpkgs?rev=331800de5053fcebacf6813adb5db9c9dca22a0c",
      "name": "claude-code-2.1.158",
      "pname": "claude-code",
      "rev": "331800de5053fcebacf6813adb5db9c9dca22a0c",
      "rev_count": 1008282,
      "rev_date": "2026-05-31T16:09:29Z",
      "scrape_date": "2026-06-02T11:06:42.968405Z",
      "stabilities": [
        "unstable"
      ],
      "unfree": true,
      "version": "2.1.158",
      "outputs_to_install": [
        "out"
      ],
      "outputs": {
        "out": "/nix/store/adxi8k34iwjvy9kdmdpi087cmcpywi30-claude-code-2.1.158"
      },
      "system": "x86_64-linux",
      "group": "claude-code",
      "priority": 5
    },
    {
      "attr_path": "nodejs_24",
      "broken": false,
      "derivation": "/nix/store/4f7gz4vdm9msfw3958cy6d7b4mn8zcpn-nodejs-24.15.0.drv",
      "description": "Event-driven I/O framework for the V8 JavaScript engine",
      "install_id": "nodejs",
      "license": "MIT",
      "locked_url": "https://github.com/flox/nixpkgs?rev=29916453413845e54a65b8a1cf996842300cd299",
      "name": "nodejs-24.15.0",
      "pname": "nodejs_24",
      "rev": "29916453413845e54a65b8a1cf996842300cd299",
      "rev_count": 1003640,
      "rev_date": "2026-05-23T03:54:30Z",
      "scrape_date": "2026-05-24T07:06:15.301055Z",
      "stabilities": [
        "unstable"
      ],
      "unfree": false,
      "version": "24.15.0",
      "outputs_to_install": [
        "out"
      ],
      "outputs": {
        "out": "/nix/store/3mvbmkd7lmxi3xlka1avra24flwbgjv9-nodejs-24.15.0"
      },
      "system": "aarch64-darwin",
      "group": "toplevel",
      "priority": 5
    },
    {
      "attr_path": "nodejs_24",
      "broken": false,
      "derivation": "/nix/store/lzdf2d8kky8k67nqjv07r9zbcqmihns7-nodejs-24.15.0.drv",
      "description": "Event-driven I/O framework for the V8 JavaScript engine",
      "install_id": "nodejs",
      "license": "MIT",
      "locked_url": "https://github.com/flox/nixpkgs?rev=29916453413845e54a65b8a1cf996842300cd299",
      "name": "nodejs-24.15.0",
      "pname": "nodejs_24",
      "rev": "29916453413845e54a65b8a1cf996842300cd299",
      "rev_count": 1003640,
      "rev_date": "2026-05-23T03:54:30Z",
      "scrape_date": "2026-05-24T07:34:42.815905Z",
      "stabilities": [
        "unstable"
      ],
      "unfree": false,
      "version": "24.15.0",
      "outputs_to_install": [
        "out"
      ],
      "outputs": {
        "out": "/nix/store/rmdjmd0iy5zlyg0j2i1cd0s7ha1562fs-nodejs-24.15.0"
      },
      "system": "aarch64-linux",
      "group": "toplevel",
      "priority": 5
    },
    {
      "attr_path": "nodejs_24",
      "broken": false,
      "derivation": "/nix/store/3q3jmp4ahvdy9dr6zhwsd2zhv12nw3d2-nodejs-24.15.0.drv",
      "description": "Event-driven I/O framework for the V8 JavaScript engine",
      "install_id": "nodejs",
      "license": "MIT",
      "locked_url": "https://github.com/flox/nixpkgs?rev=29916453413845e54a65b8a1cf996842300cd299",
      "name": "nodejs-24.15.0",
      "pname": "nodejs_24",
      "rev": "29916453413845e54a65b8a1cf996842300cd299",
      "rev_count": 1003640,
      "rev_date": "2026-05-23T03:54:30Z",
      "scrape_date": "2026-05-24T08:01:57.475640Z",
      "stabilities": [
        "unstable"
      ],
      "unfree": false,
      "version": "24.15.0",
      "outputs_to_install": [
        "out"
      ],
      "outputs": {
        "out": "/nix/store/rhv8jiklgw2bw4ljh4nm3h3r3bpnkcl3-nodejs-24.15.0"
      },
      "system": "x86_64-darwin",
      "group": "toplevel",
      "priority": 5
    },
    {
      "attr_path": "nodejs_24",
      "broken": false,
      "derivation": "/nix/store/jk98cvnvcb5adz3d58r8x6zxrvnhlng0-nodejs-24.15.0.drv",
      "description": "Event-driven I/O framework for the V8 JavaScript engine",
      "install_id": "nodejs",
      "license": "MIT",
      "locked_url": "https://github.com/flox/nixpkgs?rev=29916453413845e54a65b8a1cf996842300cd299",
      "name": "nodejs-24.15.0",
      "pname": "nodejs_24",
      "rev": "29916453413845e54a65b8a1cf996842300cd299",
      "rev_count": 1003640,
      "rev_date": "2026-05-23T03:54:30Z",
      "scrape_date": "2026-05-24T08:32:36.292744Z",
      "stabilities": [
        "unstable"
      ],
      "unfree": false,
      "version": "24.15.0",
      "outputs_to_install": [
        "out"
      ],
      "outputs": {
        "out": "/nix/store/5a8ysg1jnj8jmzzyfcfw7rvpvnp5rfpa-nodejs-24.15.0"
      },
      "system": "x86_64-linux",
      "group": "toplevel",
      "priority": 5
    },
    {
      "install_id": "infer",
      "locked-url": "github:inference-gateway/cli/b4445e98d54457afd1b816fbd276948a0902a394?narHash=sha256-pIm467GuXI/Hh8quP38By4EXmw5i/G%2BvHjq%2BmnA3/1o%3D",
      "flake-description": "Inference Gateway CLI - infer",
      "locked-flake-attr-path": "packages.aarch64-darwin.default",
      "derivation": "/nix/store/56nqsb0zd0i9qvbgqpg29s0b8irisfhz-infer-0.118.0.drv",
      "outputs": {
        "out": "/nix/store/iqnd8hkj3hlnzk4fphns0pzka5y4fav8-infer-0.118.0"
      },
      "output-names": [
        "out"
      ],
      "outputs-to-install": [
        "out"
      ],
      "requested-outputs-to-install": [],
      "package-system": "aarch64-darwin",
      "system": "aarch64-darwin",
      "name": "infer-0.118.0",
      "pname": "infer",
      "version": "0.118.0",
      "description": "Command-line interface for the Inference Gateway - AI model interaction manager",
      "licenses": [
        "MIT"
      ],
      "broken": false,
      "unfree": false,
      "priority": 5
    },
    {
      "install_id": "infer",
      "locked-url": "github:inference-gateway/cli/b4445e98d54457afd1b816fbd276948a0902a394?narHash=sha256-pIm467GuXI/Hh8quP38By4EXmw5i/G%2BvHjq%2BmnA3/1o%3D",
      "flake-description": "Inference Gateway CLI - infer",
      "locked-flake-attr-path": "packages.aarch64-linux.default",
      "derivation": "/nix/store/2wk9d6dmxjiy59vfwl76k6skdsf7g14w-infer-0.118.0.drv",
      "outputs": {
        "out": "/nix/store/iiaspkxbh1is9dcsargj5qsq86mj197z-infer-0.118.0"
      },
      "output-names": [
        "out"
      ],
      "outputs-to-install": [
        "out"
      ],
      "requested-outputs-to-install": [],
      "package-system": "aarch64-linux",
      "system": "aarch64-linux",
      "name": "infer-0.118.0",
      "pname": "infer",
      "version": "0.118.0",
      "description": "Command-line interface for the Inference Gateway - AI model interaction manager",
      "licenses": [
        "MIT"
      ],
      "broken": false,
      "unfree": false,
      "priority": 5
    },
    {
      "install_id": "infer",
      "locked-url": "github:inference-gateway/cli/b4445e98d54457afd1b816fbd276948a0902a394?narHash=sha256-pIm467GuXI/Hh8quP38By4EXmw5i/G%2BvHjq%2BmnA3/1o%3D",
      "flake-description": "Inference Gateway CLI - infer",
      "locked-flake-attr-path": "packages.x86_64-darwin.default",
      "derivation": "/nix/store/l9lrhb0inzxska6fd7xyxp1i8544i46a-infer-0.118.0.drv",
      "outputs": {
        "out": "/nix/store/4i9jrp8vaqq3fjz7gy8kz10v30qi98wg-infer-0.118.0"
      },
      "output-names": [
        "out"
      ],
      "outputs-to-install": [
        "out"
      ],
      "requested-outputs-to-install": [],
      "package-system": "x86_64-darwin",
      "system": "x86_64-darwin",
      "name": "infer-0.118.0",
      "pname": "infer",
      "version": "0.118.0",
      "description": "Command-line interface for the Inference Gateway - AI model interaction manager",
      "licenses": [
        "MIT"
      ],
      "broken": false,
      "unfree": false,
      "priority": 5
    },
    {
      "install_id": "infer",
      "locked-url": "github:inference-gateway/cli/b4445e98d54457afd1b816fbd276948a0902a394?narHash=sha256-pIm467GuXI/Hh8quP38By4EXmw5i/G%2BvHjq%2BmnA3/1o%3D",
      "flake-description": "Inference Gateway CLI - infer",
      "locked-flake-attr-path": "packages.x86_64-linux.default",
      "derivation": "/nix/store/z8daccxj7l0fvrm81vb09sn49sgv4yi1-infer-0.118.0.drv",
      "outputs": {
        "out": "/nix/store/r9ikfhc1f00ix38b8c74f1nf4g7wvrfh-infer-0.118.0"
      },
      "output-names": [
        "out"
      ],
      "outputs-to-install": [
        "out"
      ],
      "requested-outputs-to-install": [],
      "package-system": "x86_64-linux",
      "system": "x86_64-linux",
      "name": "infer-0.118.0",
      "pname": "infer",
      "version": "0.118.0",
      "description": "Command-line interface for the Inference Gateway - AI model interaction manager",
      "licenses": [
        "MIT"
      ],
      "broken": false,
      "unfree": false,
      "priority": 5
    }
  ]
}
