{
  "lockfile-version": 1,
  "manifest": {
    "version": 1,
    "install": {
      "nodejs_22": {
        "pkg-path": "nodejs_22",
        "version": "^22.18.0"
      }
    },
    "hook": {
      "on-activate": "  npm install\n"
    },
    "options": {}
  },
  "packages": [
    {
      "attr_path": "nodejs_22",
      "broken": false,
      "derivation": "/nix/store/0a9kkw6mh0f80jfq1nf9767hvg5gr71k-nodejs-22.18.0.drv",
      "description": "Event-driven I/O framework for the V8 JavaScript engine",
      "install_id": "nodejs_22",
      "license": "MIT",
      "locked_url": "https://github.com/flox/nixpkgs?rev=8a6d5427d99ec71c64f0b93d45778c889005d9c2",
      "name": "nodejs-22.18.0",
      "pname": "nodejs_22",
      "rev": "8a6d5427d99ec71c64f0b93d45778c889005d9c2",
      "rev_count": 852432,
      "rev_date": "2025-08-27T03:49:43Z",
      "scrape_date": "2025-08-28T03:26:04.926143Z",
      "stabilities": [
        "unstable"
      ],
      "unfree": false,
      "version": "22.18.0",
      "outputs_to_install": [
        "out"
      ],
      "outputs": {
        "dev": "/nix/store/4617bdwn34769c3bxkx9qgyzjh890qvf-nodejs-22.18.0-dev",
        "libv8": "/nix/store/89zl005215fzsfsbq3ar5dff44c2v3f9-nodejs-22.18.0-libv8",
        "out": "/nix/store/9yqq8szyz3qx8q6xlv1s3arhw4112wc8-nodejs-22.18.0"
      },
      "system": "aarch64-darwin",
      "group": "toplevel",
      "priority": 5
    },
    {
      "attr_path": "nodejs_22",
      "broken": false,
      "derivation": "/nix/store/1si9aramx1b8n9dgnaymh4s0v73zng5h-nodejs-22.18.0.drv",
      "description": "Event-driven I/O framework for the V8 JavaScript engine",
      "install_id": "nodejs_22",
      "license": "MIT",
      "locked_url": "https://github.com/flox/nixpkgs?rev=8a6d5427d99ec71c64f0b93d45778c889005d9c2",
      "name": "nodejs-22.18.0",
      "pname": "nodejs_22",
      "rev": "8a6d5427d99ec71c64f0b93d45778c889005d9c2",
      "rev_count": 852432,
      "rev_date": "2025-08-27T03:49:43Z",
      "scrape_date": "2025-08-28T03:34:39.319090Z",
      "stabilities": [
        "unstable"
      ],
      "unfree": false,
      "version": "22.18.0",
      "outputs_to_install": [
        "out"
      ],
      "outputs": {
        "dev": "/nix/store/0nzhmyzfcgynya9yy6gsp66bk47nq8s3-nodejs-22.18.0-dev",
        "libv8": "/nix/store/5zfqiqmnv1xlx0fv0zy28hwcm332vdm1-nodejs-22.18.0-libv8",
        "out": "/nix/store/sswndb8p93xa94x53769zh3lhci99g8f-nodejs-22.18.0"
      },
      "system": "aarch64-linux",
      "group": "toplevel",
      "priority": 5
    },
    {
      "attr_path": "nodejs_22",
      "broken": false,
      "derivation": "/nix/store/5cxy82gwm7zl4fxbfkj6ah23j9j5wbd6-nodejs-22.18.0.drv",
      "description": "Event-driven I/O framework for the V8 JavaScript engine",
      "install_id": "nodejs_22",
      "license": "MIT",
      "locked_url": "https://github.com/flox/nixpkgs?rev=8a6d5427d99ec71c64f0b93d45778c889005d9c2",
      "name": "nodejs-22.18.0",
      "pname": "nodejs_22",
      "rev": "8a6d5427d99ec71c64f0b93d45778c889005d9c2",
      "rev_count": 852432,
      "rev_date": "2025-08-27T03:49:43Z",
      "scrape_date": "2025-08-28T03:43:56.911070Z",
      "stabilities": [
        "unstable"
      ],
      "unfree": false,
      "version": "22.18.0",
      "outputs_to_install": [
        "out"
      ],
      "outputs": {
        "dev": "/nix/store/f39fwzjpkj0hn26f3av1smbl0lmabizj-nodejs-22.18.0-dev",
        "libv8": "/nix/store/w90f0kd8h7893i6l8jmh01z3zsr514q0-nodejs-22.18.0-libv8",
        "out": "/nix/store/c5d89lgzr7np5pfv9l02vcnd84mg4gj4-nodejs-22.18.0"
      },
      "system": "x86_64-darwin",
      "group": "toplevel",
      "priority": 5
    },
    {
      "attr_path": "nodejs_22",
      "broken": false,
      "derivation": "/nix/store/6hkkd1197yqg4n9k2vk8phx098gn1axv-nodejs-22.18.0.drv",
      "description": "Event-driven I/O framework for the V8 JavaScript engine",
      "install_id": "nodejs_22",
      "license": "MIT",
      "locked_url": "https://github.com/flox/nixpkgs?rev=8a6d5427d99ec71c64f0b93d45778c889005d9c2",
      "name": "nodejs-22.18.0",
      "pname": "nodejs_22",
      "rev": "8a6d5427d99ec71c64f0b93d45778c889005d9c2",
      "rev_count": 852432,
      "rev_date": "2025-08-27T03:49:43Z",
      "scrape_date": "2025-08-28T03:51:41.511259Z",
      "stabilities": [
        "unstable"
      ],
      "unfree": false,
      "version": "22.18.0",
      "outputs_to_install": [
        "out"
      ],
      "outputs": {
        "dev": "/nix/store/mjgd69ahrwz5skifd30a87l1gb7yc785-nodejs-22.18.0-dev",
        "libv8": "/nix/store/j5lyv0imv3iiwbqyqc1v9vdscwylmk56-nodejs-22.18.0-libv8",
        "out": "/nix/store/9d235766g7alzlalw4z8yqxql0jl2mgd-nodejs-22.18.0"
      },
      "system": "x86_64-linux",
      "group": "toplevel",
      "priority": 5
    }
  ]
}